
Microsoft Visual Studio Solution File, Format Version 12.00
# Visual Studio 2013
VisualStudioVersion = 12.0.31101.0
MinimumVisualStudioVersion = 10.0.40219.1
Project("{FAE04EC0-301F-11D3-BF4B-00C04F79EFBC}") = "Optimization", "Optimization\Optimization.csproj", "{4CD95EBD-890D-4BDD-84EA-4252E743598C}"
EndProject
Project("{FAE04EC0-301F-11D3-BF4B-00C04F79EFBC}") = "OptimizationTests", "OptimizationTests\OptimizationTests.csproj", "{CEAAB7B0-D8FD-42C8-B851-3A5A7633FA15}"
EndProject
Global
	GlobalSection(SolutionConfigurationPlatforms) = preSolution
		Debug|Any CPU = Debug|Any CPU
		Release|Any CPU = Release|Any CPU
	EndGlobalSection
	GlobalSection(ProjectConfigurationPlatforms) = postSolution
		{4CD95EBD-890D-4BDD-84EA-4252E743598C}.Debug|Any CPU.ActiveCfg = Debug|Any CPU
		{4CD95EBD-890D-4BDD-84EA-4252E743598C}.Debug|Any CPU.Build.0 = Debug|Any CPU
		{4CD95EBD-890D-4BDD-84EA-4252E743598C}.Release|Any CPU.ActiveCfg = Release|Any CPU
		{4CD95EBD-890D-4BDD-84EA-4252E743598C}.Release|Any CPU.Build.0 = Release|Any CPU
		{CEAAB7B0-D8FD-42C8-B851-3A5A7633FA15}.Debug|Any CPU.ActiveCfg = Debug|Any CPU
		{CEAAB7B0-D8FD-42C8-B851-3A5A7633FA15}.Debug|Any CPU.Build.0 = Debug|Any CPU
		{CEAAB7B0-D8FD-42C8-B851-3A5A7633FA15}.Release|Any CPU.ActiveCfg = Release|Any CPU
		{CEAAB7B0-D8FD-42C8-B851-3A5A7633FA15}.Release|Any CPU.Build.0 = Release|Any CPU
	EndGlobalSection
	GlobalSection(SolutionProperties) = preSolution
		HideSolutionNode = FALSE
	EndGlobalSection
EndGlobal
